
Microsoft Visual Studio Solution File, Format Version 12.00
# Visual Studio 15
VisualStudioVersion = 15.0.28307.102
MinimumVisualStudioVersion = 10.0.40219.1
Project("{FAE04EC0-301F-11D3-BF4B-00C04F79EFBC}") = "Gaming", "Gaming\Gaming.csproj", "{D70CE955-324E-473A-AAEA-CB7CF5A708FF}"
EndProject
Global
	GlobalSection(SolutionConfigurationPlatforms) = preSolution
		Debug|Any CPU = Debug|Any CPU
		Release|Any CPU = Release|Any CPU
	EndGlobalSection
	GlobalSection(ProjectConfigurationPlatforms) = postSolution
		{D70CE955-324E-473A-AAEA-CB7CF5A708FF}.Debug|Any CPU.ActiveCfg = Debug|Any CPU
		{D70CE955-324E-473A-AAEA-CB7CF5A708FF}.Debug|Any CPU.Build.0 = Debug|Any CPU
		{D70CE955-324E-473A-AAEA-CB7CF5A708FF}.Release|Any CPU.ActiveCfg = Release|Any CPU
		{D70CE955-324E-473A-AAEA-CB7CF5A708FF}.Release|Any CPU.Build.0 = Release|Any CPU
	EndGlobalSection
	GlobalSection(SolutionProperties) = preSolution
		HideSolutionNode = FALSE
	EndGlobalSection
	GlobalSection(ExtensibilityGlobals) = postSolution
		SolutionGuid = {935338EA-BCA7-4F77-A152-8F7E41C4DF79}
	EndGlobalSection
EndGlobal
